
Microsoft Visual Studio Solution File, Format Version 12.00
# Visual Studio 15
VisualStudioVersion = 15.0.28307.1500
MinimumVisualStudioVersion = 10.0.40219.1
Project("{8BC9CEB8-8B4A-11D0-8D11-00A0C91BC942}") = "Rumbleverse", "Rumbleverse.vcxproj", "{2A3D19DF-7AE7-4C53-9B38-21AF964315DD}"
EndProject
Global
	GlobalSection(SolutionConfigurationPlatforms) = preSolution
		Debug|x64 = Debug|x64
		Debug|x86 = Debug|x86
		Play|x64 = Play|x64
		Play|x86 = Play|x86
		Release|x64 = Release|x64
		Release|x86 = Release|x86
	EndGlobalSection
	GlobalSection(ProjectConfigurationPlatforms) = postSolution
		{2A3D19DF-7AE7-4C53-9B38-21AF964315DD}.Debug|x64.ActiveCfg = Debug|x64
		{2A3D19DF-7AE7-4C53-9B38-21AF964315DD}.Debug|x64.Build.0 = Debug|x64
		{2A3D19DF-7AE7-4C53-9B38-21AF964315DD}.Debug|x86.ActiveCfg = Debug|Win32
		{2A3D19DF-7AE7-4C53-9B38-21AF964315DD}.Debug|x86.Build.0 = Debug|Win32
		{2A3D19DF-7AE7-4C53-9B38-21AF964315DD}.Play|x64.ActiveCfg = Release|x64
		{2A3D19DF-7AE7-4C53-9B38-21AF964315DD}.Play|x64.Build.0 = Release|x64
		{2A3D19DF-7AE7-4C53-9B38-21AF964315DD}.Play|x86.ActiveCfg = Release|Win32
		{2A3D19DF-7AE7-4C53-9B38-21AF964315DD}.Play|x86.Build.0 = Release|Win32
		{2A3D19DF-7AE7-4C53-9B38-21AF964315DD}.Release|x64.ActiveCfg = Release|x64
		{2A3D19DF-7AE7-4C53-9B38-21AF964315DD}.Release|x64.Build.0 = Release|x64
		{2A3D19DF-7AE7-4C53-9B38-21AF964315DD}.Release|x86.ActiveCfg = Release|Win32
		{2A3D19DF-7AE7-4C53-9B38-21AF964315DD}.Release|x86.Build.0 = Release|Win32
	EndGlobalSection
	GlobalSection(SolutionProperties) = preSolution
		HideSolutionNode = FALSE
	EndGlobalSection
	GlobalSection(ExtensibilityGlobals) = postSolution
		SolutionGuid = {C765CC86-F4B5-4454-87AF-DE3F7E0C7999}
	EndGlobalSection
EndGlobal
